
Microsoft Visual Studio Solution File, Format Version 12.00
Project("{FAE04EC0-301F-11D3-BF4B-00C04F79EFBC}") = "Silo", "src\Services\Silo\Silo.csproj", "{6F64CC4F-3844-425C-BC98-612FE6172CF7}"
EndProject
Project("{2150E333-8FDC-42A3-9474-1A3956D46DE8}") = "src", "src", "{03EA9D71-13ED-4F59-BB4E-5A4B3E70D070}"
EndProject
Project("{2150E333-8FDC-42A3-9474-1A3956D46DE8}") = "Services", "Services", "{C501D48D-1A0A-4537-8DFE-9D9554EC4BF8}"
EndProject
Project("{2150E333-8FDC-42A3-9474-1A3956D46DE8}") = "Modules", "Modules", "{F29E3C06-073B-487E-A171-AC5281F5584C}"
EndProject
Project("{FAE04EC0-301F-11D3-BF4B-00C04F79EFBC}") = "Infrastructure", "src\Modules\Infrastructure\Infrastructure.csproj", "{3D6C9CD1-050D-464A-9D22-B1C53D3262AB}"
EndProject
Project("{FAE04EC0-301F-11D3-BF4B-00C04F79EFBC}") = "Streams", "src\Modules\Streams\Streams.csproj", "{1292EFE5-5139-4975-8231-E5D064B066FD}"
EndProject
Project("{FAE04EC0-301F-11D3-BF4B-00C04F79EFBC}") = "GrainInterfaces", "src\Modules\GrainInterfaces\GrainInterfaces.csproj", "{9670F61D-E8CF-4B0C-B4BF-DF98FB7DB9B0}"
EndProject
Project("{FAE04EC0-301F-11D3-BF4B-00C04F79EFBC}") = "Grains", "src\Modules\Grains\Grains.csproj", "{B4E62BE5-00BF-4F11-9A8F-44DB7A7DC53A}"
EndProject
Project("{FAE04EC0-301F-11D3-BF4B-00C04F79EFBC}") = "ConsoleClient", "src\Services\ConsoleClient\ConsoleClient.csproj", "{290218F4-D820-4FE0-B200-F180427E5F71}"
EndProject
Project("{FAE04EC0-301F-11D3-BF4B-00C04F79EFBC}") = "Core", "src\Modules\Core\Core.csproj", "{B101F217-D01D-418E-96CA-1A4A9C045A51}"
EndProject
Project("{FAE04EC0-301F-11D3-BF4B-00C04F79EFBC}") = "Wow", "src\Modules\Wow\Wow.csproj", "{9E2D6956-0DCF-4EF6-8931-69E2BAA91E52}"
EndProject
Project("{2150E333-8FDC-42A3-9474-1A3956D46DE8}") = "Wow", "Wow", "{8802A735-A282-46E9-9D28-7D6A42484E23}"
EndProject
Project("{FAE04EC0-301F-11D3-BF4B-00C04F79EFBC}") = "Wow.Shared", "src\Modules\Wow.Shared\Wow.Shared.csproj", "{AADDE1C9-232B-47EE-BF5D-2C51C8C3FB21}"
EndProject
Project("{2150E333-8FDC-42A3-9474-1A3956D46DE8}") = "Discord", "Discord", "{85E06BCE-DCA9-4432-B906-F5754B718CFD}"
EndProject
Project("{FAE04EC0-301F-11D3-BF4B-00C04F79EFBC}") = "Discord", "src\Modules\Discord\Discord.csproj", "{556E2565-C9D9-42B4-B4FB-00092390AFDE}"
EndProject
Project("{FAE04EC0-301F-11D3-BF4B-00C04F79EFBC}") = "Discord.Shared", "src\Modules\Discord.Shared\Discord.Shared.csproj", "{8789585C-A4B3-473D-A1C8-7C49460773B5}"
EndProject
Project("{FAE04EC0-301F-11D3-BF4B-00C04F79EFBC}") = "DiscordCommandsClient", "src\Services\DiscordCommandsClient\DiscordCommandsClient.csproj", "{14E0C95D-AAC9-4F5D-8756-B64A6E4C1929}"
EndProject
Project("{2150E333-8FDC-42A3-9474-1A3956D46DE8}") = "tests", "tests", "{617425BB-7BA4-4CB9-8BA1-88BAA54B658E}"
EndProject
Project("{FAE04EC0-301F-11D3-BF4B-00C04F79EFBC}") = "GrainTests", "tests\GrainTests\GrainTests.csproj", "{21FD4EC8-EDE2-493F-B9E5-6D3691820088}"
EndProject
Project("{FAE04EC0-301F-11D3-BF4B-00C04F79EFBC}") = "Discord.Commands", "src\Modules\Discord.Commands\Discord.Commands.csproj", "{1E7490BD-862E-4828-B0E5-0CFB8C2E5985}"
EndProject
Project("{2150E333-8FDC-42A3-9474-1A3956D46DE8}") = "Math", "Math", "{81D00C06-C0E5-4C9F-AB52-3BBB29413630}"
EndProject
Project("{FAE04EC0-301F-11D3-BF4B-00C04F79EFBC}") = "MathApiTests", "tests\MathApiTests\MathApiTests.csproj", "{981C2247-A4B3-4A03-A03A-4DE720C8C9A3}"
EndProject
Project("{FAE04EC0-301F-11D3-BF4B-00C04F79EFBC}") = "WebApi", "src\Services\WebApi\WebApi.csproj", "{608DA763-5761-440A-AF0D-587FF3970CCA}"
EndProject
Project("{FAE04EC0-301F-11D3-BF4B-00C04F79EFBC}") = "Shared", "src\Modules\Shared\Shared.csproj", "{2A0174B1-A3BF-4FE2-8CE6-1D350F44CCB5}"
EndProject
Project("{FAE04EC0-301F-11D3-BF4B-00C04F79EFBC}") = "WebApiTests", "tests\WebApiTests\WebApiTests.csproj", "{663923ED-6FC6-4CD2-B015-67A77ADA48B0}"
EndProject
Global
	GlobalSection(SolutionConfigurationPlatforms) = preSolution
		Debug|Any CPU = Debug|Any CPU
		Release|Any CPU = Release|Any CPU
	EndGlobalSection
	GlobalSection(ProjectConfigurationPlatforms) = postSolution
		{6F64CC4F-3844-425C-BC98-612FE6172CF7}.Debug|Any CPU.ActiveCfg = Debug|Any CPU
		{6F64CC4F-3844-425C-BC98-612FE6172CF7}.Debug|Any CPU.Build.0 = Debug|Any CPU
		{6F64CC4F-3844-425C-BC98-612FE6172CF7}.Release|Any CPU.ActiveCfg = Release|Any CPU
		{6F64CC4F-3844-425C-BC98-612FE6172CF7}.Release|Any CPU.Build.0 = Release|Any CPU
		{3D6C9CD1-050D-464A-9D22-B1C53D3262AB}.Debug|Any CPU.ActiveCfg = Debug|Any CPU
		{3D6C9CD1-050D-464A-9D22-B1C53D3262AB}.Debug|Any CPU.Build.0 = Debug|Any CPU
		{3D6C9CD1-050D-464A-9D22-B1C53D3262AB}.Release|Any CPU.ActiveCfg = Release|Any CPU
		{3D6C9CD1-050D-464A-9D22-B1C53D3262AB}.Release|Any CPU.Build.0 = Release|Any CPU
		{1292EFE5-5139-4975-8231-E5D064B066FD}.Debug|Any CPU.ActiveCfg = Debug|Any CPU
		{1292EFE5-5139-4975-8231-E5D064B066FD}.Debug|Any CPU.Build.0 = Debug|Any CPU
		{1292EFE5-5139-4975-8231-E5D064B066FD}.Release|Any CPU.ActiveCfg = Release|Any CPU
		{1292EFE5-5139-4975-8231-E5D064B066FD}.Release|Any CPU.Build.0 = Release|Any CPU
		{9670F61D-E8CF-4B0C-B4BF-DF98FB7DB9B0}.Debug|Any CPU.ActiveCfg = Debug|Any CPU
		{9670F61D-E8CF-4B0C-B4BF-DF98FB7DB9B0}.Debug|Any CPU.Build.0 = Debug|Any CPU
		{9670F61D-E8CF-4B0C-B4BF-DF98FB7DB9B0}.Release|Any CPU.ActiveCfg = Release|Any CPU
		{9670F61D-E8CF-4B0C-B4BF-DF98FB7DB9B0}.Release|Any CPU.Build.0 = Release|Any CPU
		{B4E62BE5-00BF-4F11-9A8F-44DB7A7DC53A}.Debug|Any CPU.ActiveCfg = Debug|Any CPU
		{B4E62BE5-00BF-4F11-9A8F-44DB7A7DC53A}.Debug|Any CPU.Build.0 = Debug|Any CPU
		{B4E62BE5-00BF-4F11-9A8F-44DB7A7DC53A}.Release|Any CPU.ActiveCfg = Release|Any CPU
		{B4E62BE5-00BF-4F11-9A8F-44DB7A7DC53A}.Release|Any CPU.Build.0 = Release|Any CPU
		{290218F4-D820-4FE0-B200-F180427E5F71}.Debug|Any CPU.ActiveCfg = Debug|Any CPU
		{290218F4-D820-4FE0-B200-F180427E5F71}.Debug|Any CPU.Build.0 = Debug|Any CPU
		{290218F4-D820-4FE0-B200-F180427E5F71}.Release|Any CPU.ActiveCfg = Release|Any CPU
		{290218F4-D820-4FE0-B200-F180427E5F71}.Release|Any CPU.Build.0 = Release|Any CPU
		{B101F217-D01D-418E-96CA-1A4A9C045A51}.Debug|Any CPU.ActiveCfg = Debug|Any CPU
		{B101F217-D01D-418E-96CA-1A4A9C045A51}.Debug|Any CPU.Build.0 = Debug|Any CPU
		{B101F217-D01D-418E-96CA-1A4A9C045A51}.Release|Any CPU.ActiveCfg = Release|Any CPU
		{B101F217-D01D-418E-96CA-1A4A9C045A51}.Release|Any CPU.Build.0 = Release|Any CPU
		{9E2D6956-0DCF-4EF6-8931-69E2BAA91E52}.Debug|Any CPU.ActiveCfg = Debug|Any CPU
		{9E2D6956-0DCF-4EF6-8931-69E2BAA91E52}.Debug|Any CPU.Build.0 = Debug|Any CPU
		{9E2D6956-0DCF-4EF6-8931-69E2BAA91E52}.Release|Any CPU.ActiveCfg = Release|Any CPU
		{9E2D6956-0DCF-4EF6-8931-69E2BAA91E52}.Release|Any CPU.Build.0 = Release|Any CPU
		{AADDE1C9-232B-47EE-BF5D-2C51C8C3FB21}.Debug|Any CPU.ActiveCfg = Debug|Any CPU
		{AADDE1C9-232B-47EE-BF5D-2C51C8C3FB21}.Debug|Any CPU.Build.0 = Debug|Any CPU
		{AADDE1C9-232B-47EE-BF5D-2C51C8C3FB21}.Release|Any CPU.ActiveCfg = Release|Any CPU
		{AADDE1C9-232B-47EE-BF5D-2C51C8C3FB21}.Release|Any CPU.Build.0 = Release|Any CPU
		{556E2565-C9D9-42B4-B4FB-00092390AFDE}.Debug|Any CPU.ActiveCfg = Debug|Any CPU
		{556E2565-C9D9-42B4-B4FB-00092390AFDE}.Debug|Any CPU.Build.0 = Debug|Any CPU
		{556E2565-C9D9-42B4-B4FB-00092390AFDE}.Release|Any CPU.ActiveCfg = Release|Any CPU
		{556E2565-C9D9-42B4-B4FB-00092390AFDE}.Release|Any CPU.Build.0 = Release|Any CPU
		{8789585C-A4B3-473D-A1C8-7C49460773B5}.Debug|Any CPU.ActiveCfg = Debug|Any CPU
		{8789585C-A4B3-473D-A1C8-7C49460773B5}.Debug|Any CPU.Build.0 = Debug|Any CPU
		{8789585C-A4B3-473D-A1C8-7C49460773B5}.Release|Any CPU.ActiveCfg = Release|Any CPU
		{8789585C-A4B3-473D-A1C8-7C49460773B5}.Release|Any CPU.Build.0 = Release|Any CPU
		{14E0C95D-AAC9-4F5D-8756-B64A6E4C1929}.Debug|Any CPU.ActiveCfg = Debug|Any CPU
		{14E0C95D-AAC9-4F5D-8756-B64A6E4C1929}.Debug|Any CPU.Build.0 = Debug|Any CPU
		{14E0C95D-AAC9-4F5D-8756-B64A6E4C1929}.Release|Any CPU.ActiveCfg = Release|Any CPU
		{14E0C95D-AAC9-4F5D-8756-B64A6E4C1929}.Release|Any CPU.Build.0 = Release|Any CPU
		{21FD4EC8-EDE2-493F-B9E5-6D3691820088}.Debug|Any CPU.ActiveCfg = Debug|Any CPU
		{21FD4EC8-EDE2-493F-B9E5-6D3691820088}.Debug|Any CPU.Build.0 = Debug|Any CPU
		{21FD4EC8-EDE2-493F-B9E5-6D3691820088}.Release|Any CPU.ActiveCfg = Release|Any CPU
		{21FD4EC8-EDE2-493F-B9E5-6D3691820088}.Release|Any CPU.Build.0 = Release|Any CPU
		{1E7490BD-862E-4828-B0E5-0CFB8C2E5985}.Debug|Any CPU.ActiveCfg = Debug|Any CPU
		{1E7490BD-862E-4828-B0E5-0CFB8C2E5985}.Debug|Any CPU.Build.0 = Debug|Any CPU
		{1E7490BD-862E-4828-B0E5-0CFB8C2E5985}.Release|Any CPU.ActiveCfg = Release|Any CPU
		{1E7490BD-862E-4828-B0E5-0CFB8C2E5985}.Release|Any CPU.Build.0 = Release|Any CPU
		{981C2247-A4B3-4A03-A03A-4DE720C8C9A3}.Debug|Any CPU.ActiveCfg = Debug|Any CPU
		{981C2247-A4B3-4A03-A03A-4DE720C8C9A3}.Debug|Any CPU.Build.0 = Debug|Any CPU
		{981C2247-A4B3-4A03-A03A-4DE720C8C9A3}.Release|Any CPU.ActiveCfg = Release|Any CPU
		{981C2247-A4B3-4A03-A03A-4DE720C8C9A3}.Release|Any CPU.Build.0 = Release|Any CPU
		{608DA763-5761-440A-AF0D-587FF3970CCA}.Debug|Any CPU.ActiveCfg = Debug|Any CPU
		{608DA763-5761-440A-AF0D-587FF3970CCA}.Debug|Any CPU.Build.0 = Debug|Any CPU
		{608DA763-5761-440A-AF0D-587FF3970CCA}.Release|Any CPU.ActiveCfg = Release|Any CPU
		{608DA763-5761-440A-AF0D-587FF3970CCA}.Release|Any CPU.Build.0 = Release|Any CPU
		{2A0174B1-A3BF-4FE2-8CE6-1D350F44CCB5}.Debug|Any CPU.ActiveCfg = Debug|Any CPU
		{2A0174B1-A3BF-4FE2-8CE6-1D350F44CCB5}.Debug|Any CPU.Build.0 = Debug|Any CPU
		{2A0174B1-A3BF-4FE2-8CE6-1D350F44CCB5}.Release|Any CPU.ActiveCfg = Release|Any CPU
		{2A0174B1-A3BF-4FE2-8CE6-1D350F44CCB5}.Release|Any CPU.Build.0 = Release|Any CPU
		{663923ED-6FC6-4CD2-B015-67A77ADA48B0}.Debug|Any CPU.ActiveCfg = Debug|Any CPU
		{663923ED-6FC6-4CD2-B015-67A77ADA48B0}.Debug|Any CPU.Build.0 = Debug|Any CPU
		{663923ED-6FC6-4CD2-B015-67A77ADA48B0}.Release|Any CPU.ActiveCfg = Release|Any CPU
		{663923ED-6FC6-4CD2-B015-67A77ADA48B0}.Release|Any CPU.Build.0 = Release|Any CPU
	EndGlobalSection
	GlobalSection(NestedProjects) = preSolution
		{C501D48D-1A0A-4537-8DFE-9D9554EC4BF8} = {03EA9D71-13ED-4F59-BB4E-5A4B3E70D070}
		{6F64CC4F-3844-425C-BC98-612FE6172CF7} = {C501D48D-1A0A-4537-8DFE-9D9554EC4BF8}
		{F29E3C06-073B-487E-A171-AC5281F5584C} = {03EA9D71-13ED-4F59-BB4E-5A4B3E70D070}
		{3D6C9CD1-050D-464A-9D22-B1C53D3262AB} = {F29E3C06-073B-487E-A171-AC5281F5584C}
		{1292EFE5-5139-4975-8231-E5D064B066FD} = {F29E3C06-073B-487E-A171-AC5281F5584C}
		{9670F61D-E8CF-4B0C-B4BF-DF98FB7DB9B0} = {F29E3C06-073B-487E-A171-AC5281F5584C}
		{B4E62BE5-00BF-4F11-9A8F-44DB7A7DC53A} = {F29E3C06-073B-487E-A171-AC5281F5584C}
		{290218F4-D820-4FE0-B200-F180427E5F71} = {C501D48D-1A0A-4537-8DFE-9D9554EC4BF8}
		{B101F217-D01D-418E-96CA-1A4A9C045A51} = {F29E3C06-073B-487E-A171-AC5281F5584C}
		{8802A735-A282-46E9-9D28-7D6A42484E23} = {F29E3C06-073B-487E-A171-AC5281F5584C}
		{9E2D6956-0DCF-4EF6-8931-69E2BAA91E52} = {8802A735-A282-46E9-9D28-7D6A42484E23}
		{AADDE1C9-232B-47EE-BF5D-2C51C8C3FB21} = {8802A735-A282-46E9-9D28-7D6A42484E23}
		{85E06BCE-DCA9-4432-B906-F5754B718CFD} = {F29E3C06-073B-487E-A171-AC5281F5584C}
		{556E2565-C9D9-42B4-B4FB-00092390AFDE} = {85E06BCE-DCA9-4432-B906-F5754B718CFD}
		{8789585C-A4B3-473D-A1C8-7C49460773B5} = {85E06BCE-DCA9-4432-B906-F5754B718CFD}
		{14E0C95D-AAC9-4F5D-8756-B64A6E4C1929} = {C501D48D-1A0A-4537-8DFE-9D9554EC4BF8}
		{21FD4EC8-EDE2-493F-B9E5-6D3691820088} = {617425BB-7BA4-4CB9-8BA1-88BAA54B658E}
		{1E7490BD-862E-4828-B0E5-0CFB8C2E5985} = {85E06BCE-DCA9-4432-B906-F5754B718CFD}
		{81D00C06-C0E5-4C9F-AB52-3BBB29413630} = {F29E3C06-073B-487E-A171-AC5281F5584C}
		{981C2247-A4B3-4A03-A03A-4DE720C8C9A3} = {617425BB-7BA4-4CB9-8BA1-88BAA54B658E}
		{608DA763-5761-440A-AF0D-587FF3970CCA} = {C501D48D-1A0A-4537-8DFE-9D9554EC4BF8}
		{2A0174B1-A3BF-4FE2-8CE6-1D350F44CCB5} = {F29E3C06-073B-487E-A171-AC5281F5584C}
		{663923ED-6FC6-4CD2-B015-67A77ADA48B0} = {617425BB-7BA4-4CB9-8BA1-88BAA54B658E}
	EndGlobalSection
EndGlobal
